
Microsoft Visual Studio Solution File, Format Version 12.00
# Visual Studio Version 16
VisualStudioVersion = 16.0.31402.337
MinimumVisualStudioVersion = 10.0.40219.1
Project("{9A19103F-16F7-4668-BE54-9A1E7A4F7556}") = "ConsoleApp", "ConsoleApp\ConsoleApp.csproj", "{F56EECFB-9A01-4D6B-92EF-CAE52A6D9E6A}"
EndProject
Project("{9A19103F-16F7-4668-BE54-9A1E7A4F7556}") = "AddTwoNumbers", "AddTwoNumbers\AddTwoNumbers.csproj", "{4D83C385-C47E-4E41-86CB-8098A65058D5}"
EndProject
Global
	GlobalSection(SolutionConfigurationPlatforms) = preSolution
		Debug|Any CPU = Debug|Any CPU
		Release|Any CPU = Release|Any CPU
	EndGlobalSection
	GlobalSection(ProjectConfigurationPlatforms) = postSolution
		{F56EECFB-9A01-4D6B-92EF-CAE52A6D9E6A}.Debug|Any CPU.ActiveCfg = Debug|Any CPU
		{F56EECFB-9A01-4D6B-92EF-CAE52A6D9E6A}.Debug|Any CPU.Build.0 = Debug|Any CPU
		{F56EECFB-9A01-4D6B-92EF-CAE52A6D9E6A}.Release|Any CPU.ActiveCfg = Release|Any CPU
		{F56EECFB-9A01-4D6B-92EF-CAE52A6D9E6A}.Release|Any CPU.Build.0 = Release|Any CPU
		{4D83C385-C47E-4E41-86CB-8098A65058D5}.Debug|Any CPU.ActiveCfg = Debug|Any CPU
		{4D83C385-C47E-4E41-86CB-8098A65058D5}.Debug|Any CPU.Build.0 = Debug|Any CPU
		{4D83C385-C47E-4E41-86CB-8098A65058D5}.Release|Any CPU.ActiveCfg = Release|Any CPU
		{4D83C385-C47E-4E41-86CB-8098A65058D5}.Release|Any CPU.Build.0 = Release|Any CPU
	EndGlobalSection
	GlobalSection(SolutionProperties) = preSolution
		HideSolutionNode = FALSE
	EndGlobalSection
	GlobalSection(ExtensibilityGlobals) = postSolution
		SolutionGuid = {8F389CD4-1195-4519-A24E-B1AC5A9466B8}
	EndGlobalSection
EndGlobal
